{
  "version": "4",
  "specifiers": {
    "jsr:@std/yaml@^1.0.5": "1.0.5",
    "npm:js-yaml@^4.1.0": "4.1.0"
  },
  "jsr": {
    "@std/yaml@1.0.5": {
      "integrity": "71ba3d334305ee2149391931508b2c293a8490f94a337eef3a09cade1a2a2742"
    }
  },
  "npm": {
    "argparse@2.0.1": {
      "integrity": "sha512-8+9WqebbFzpX9OR+Wa6O29asIogeRMzcGtAINdpMHHyAg10f05aSFVBbcEqGf/PXw1EjAZ+q2/bEBg3DvurK3Q=="
    },
    "js-yaml@4.1.0": {
      "integrity": "sha512-wpxZs9NoxZaJESJGIZTyDEaYpl0FKSA+FB9aJiyemKhMwkxQg63h4T1KJgUGHpTqPDNRcmmYLugrRjJlBtWvRA==",
      "dependencies": [
        "argparse"
      ]
    }
  },
  "workspace": {
    "dependencies": [
      "jsr:@std/yaml@^1.0.5"
    ],
    "packageJson": {
      "dependencies": [
        "npm:js-yaml@^4.1.0"
      ]
    }
  }
}
