{
  "version": "4",
  "specifiers": {
    "npm:@3-/sleep@^0.0.4": "0.0.4"
  },
  "npm": {
    "@3-/sleep@0.0.4": {
      "integrity": "sha512-hxWtyS7EX7efFJyJeMfEZ/csPIklA4EtYFSRKOy29E7RyPOHxRhopYlgmiPs8K4X7XrODj2P3NTJsuhGKlDYPQ=="
    }
  },
  "workspace": {
    "dependencies": [
      "npm:@3-/sleep@^0.0.4"
    ],
    "packageJson": {
      "dependencies": [
        "npm:@3-/sleep@^0.0.4"
      ]
    }
  }
}
