{
  "version": "5",
  "specifiers": {
    "jsr:@8v/curl@~0.1.6": "0.1.7",
    "jsr:@8v/lark@~0.1.6": "0.1.6",
    "npm:@8v/lark@~0.1.5": "0.1.5",
    "npm:@8v/pushplus@~0.1.4": "0.1.4"
  },
  "jsr": {
    "@8v/curl@0.1.7": {
      "integrity": "dde8d0e0f2e978b5431167800d14af18f3b088b36b7fd86ed99848a155b058b4"
    },
    "@8v/lark@0.1.6": {
      "integrity": "156a1b0b31f09225b898986c087fd8b8843eacf05bad54ed6b94b83963b11485",
      "dependencies": [
        "jsr:@8v/curl"
      ]
    }
  },
  "npm": {
    "@8v/curl@0.1.6": {
      "integrity": "sha512-6QGUJGHhh27wXssfBZEvCoX8YUVZOh155NEY282tJ9MGHOEBSppdbpMOGWaVYi1q+Gsi2IolBER6QvBBC21MaQ==",
      "tarball": "http://mirrors.cloud.tencent.com/npm/@8v/curl/-/curl-0.1.6.tgz"
    },
    "@8v/curl@0.1.7": {
      "integrity": "sha512-JmS4lp5BqHFQe23zWG+NP72gQClmFaBj8mnjoheAU60hK9AIRdtD6B19wX78vhHgaBPySt6FO5wc/84/WGY9Bg==",
      "tarball": "http://mirrors.cloud.tencent.com/npm/@8v/curl/-/curl-0.1.7.tgz"
    },
    "@8v/lark@0.1.5": {
      "integrity": "sha512-BP9ONQPKK1L+Y01bIPwgo/sq3avkz2M9kq9NSyDrQ6npZDVxM5uWEts4Bt3I65+0IMnVrQE4bYYx9hnTlJw3wA==",
      "dependencies": [
        "@8v/curl@0.1.6"
      ],
      "tarball": "http://mirrors.cloud.tencent.com/npm/@8v/lark/-/lark-0.1.5.tgz"
    },
    "@8v/pushplus@0.1.4": {
      "integrity": "sha512-Cd/jOq92F6lvlm21lWeGu+trTImpu1fTN3TMl/9kSiZJQQevstzz+NJF0LXrSm86294G2rctkOvjx+TDDsEXMw==",
      "dependencies": [
        "@8v/curl@0.1.7"
      ],
      "tarball": "http://mirrors.cloud.tencent.com/npm/@8v/pushplus/-/pushplus-0.1.4.tgz"
    }
  },
  "workspace": {
    "dependencies": [
      "jsr:@8v/lark@~0.1.6"
    ],
    "packageJson": {
      "dependencies": [
        "npm:@8v/lark@~0.1.5",
        "npm:@8v/pushplus@~0.1.4"
      ]
    }
  }
}
