{
  "lockfileVersion": 1,
  "workspaces": {
    "": {
      "name": "@8v/tld",
      "dependencies": {
        "tldts": "npm:tldts",
      },
    },
  },
  "packages": {
    "tldts": ["tldts@6.1.82", "", { "dependencies": { "tldts-core": "^6.1.82" }, "bin": { "tldts": "bin/cli.js" } }, "sha512-KCTjNL9F7j8MzxgfTgjT+v21oYH38OidFty7dH00maWANAI2IsLw2AnThtTJi9HKALHZKQQWnNebYheadacD+g=="],

    "tldts-core": ["tldts-core@6.1.82", "", {}, "sha512-Jabl32m21tt/d/PbDO88R43F8aY98Piiz6BVH9ShUlOAiiAELhEqwrAmBocjAqnCfoUeIsRU+h3IEzZd318F3w=="],
  }
}
