{
  "version": "5",
  "specifiers": {
    "npm:tldts@7.0.18": "7.0.18",
    "npm:tldts@^7.0.18": "7.0.18"
  },
  "npm": {
    "tldts-core@7.0.18": {
      "integrity": "sha512-jqJC13oP4FFAahv4JT/0WTDrCF9Okv7lpKtOZUGPLiAnNbACcSg8Y8T+Z9xthOmRBqi/Sob4yi0TE0miRCvF7Q==",
      "tarball": "https://mirrors.cloud.tencent.com/npm/tldts-core/-/tldts-core-7.0.18.tgz"
    },
    "tldts@7.0.18": {
      "integrity": "sha512-lCcgTAgMxQ1JKOWrVGo6E69Ukbnx4Gc1wiYLRf6J5NN4HRYJtCby1rPF8rkQ4a6qqoFBK5dvjJ1zJ0F7VfDSvw==",
      "dependencies": [
        "tldts-core"
      ],
      "bin": true,
      "tarball": "https://mirrors.cloud.tencent.com/npm/tldts/-/tldts-7.0.18.tgz"
    }
  },
  "workspace": {
    "dependencies": [
      "npm:tldts@^7.0.18"
    ],
    "packageJson": {
      "dependencies": [
        "npm:tldts@7.0.18"
      ]
    }
  }
}
