{
  "version": "5",
  "specifiers": {
    "npm:tldts@7.0.17": "7.0.17",
    "npm:tldts@^7.0.17": "7.0.17"
  },
  "npm": {
    "tldts-core@7.0.17": {
      "integrity": "sha512-DieYoGrP78PWKsrXr8MZwtQ7GLCUeLxihtjC1jZsW1DnvSMdKPitJSe8OSYDM2u5H6g3kWJZpePqkp43TfLh0g=="
    },
    "tldts@7.0.17": {
      "integrity": "sha512-Y1KQBgDd/NUc+LfOtKS6mNsC9CCaH+m2P1RoIZy7RAPo3C3/t8X45+zgut31cRZtZ3xKPjfn3TkGTrctC2TQIQ==",
      "dependencies": [
        "tldts-core"
      ],
      "bin": true
    }
  },
  "workspace": {
    "dependencies": [
      "npm:tldts@^7.0.17"
    ],
    "packageJson": {
      "dependencies": [
        "npm:tldts@7.0.17"
      ]
    }
  }
}
