{
  "lockfileVersion": 1,
  "configVersion": 1,
  "workspaces": {
    "": {
      "name": "@8v/mysql_conf_from_env",
      "dependencies": {
        "@3-/read": "^0.1.4",
        "@8v/bool": "^0.1.1",
      },
    },
  },
  "packages": {
    "@3-/read": ["@3-/read@0.1.4", "", {}, "sha512-PZDRfIFuaFNAW6VjWupa7+g/3GbhES6shAgETN/RXtTdJxcIwl9HSBMy2sdfRqAc/FUeUJFL3F8PfpsdZbC8xg=="],

    "@8v/bool": ["@8v/bool@0.1.1", "", {}, "sha512-mSUDLXgj6EuOyxsUdScj9Rlfz03VssT/fRHleDWpb8X+gdhEZDgxYSjhEsyKZO8r2CVw/IswYcTQjv8NLCmpCQ=="],
  }
}
