{
  "version": "5",
  "specifiers": {
    "npm:@8v/bool@~0.1.1": "0.1.1"
  },
  "npm": {
    "@8v/bool@0.1.1": {
      "integrity": "sha512-mSUDLXgj6EuOyxsUdScj9Rlfz03VssT/fRHleDWpb8X+gdhEZDgxYSjhEsyKZO8r2CVw/IswYcTQjv8NLCmpCQ=="
    }
  },
  "workspace": {
    "packageJson": {
      "dependencies": [
        "npm:@8v/bool@~0.1.1"
      ]
    }
  }
}
