{
  "version": "5",
  "specifiers": {
    "npm:@3-/read@~0.1.4": "0.1.4",
    "npm:@8v/bool@~0.1.1": "0.1.1"
  },
  "npm": {
    "@3-/read@0.1.4": {
      "integrity": "sha512-PZDRfIFuaFNAW6VjWupa7+g/3GbhES6shAgETN/RXtTdJxcIwl9HSBMy2sdfRqAc/FUeUJFL3F8PfpsdZbC8xg=="
    },
    "@8v/bool@0.1.1": {
      "integrity": "sha512-mSUDLXgj6EuOyxsUdScj9Rlfz03VssT/fRHleDWpb8X+gdhEZDgxYSjhEsyKZO8r2CVw/IswYcTQjv8NLCmpCQ=="
    }
  },
  "workspace": {
    "dependencies": [
      "npm:@3-/read@~0.1.4",
      "npm:@8v/bool@~0.1.1"
    ]
  }
}
